
Microsoft Visual Studio Solution File, Format Version 12.00
# Visual Studio Version 17
VisualStudioVersion = 17.1.32319.34
MinimumVisualStudioVersion = 10.0.40219.1
Project("{FAE04EC0-301F-11D3-BF4B-00C04F79EFBC}") = "GCS G03", "GCS G03\GCS G03.csproj", "{444F79F9-A98B-47ED-B3EC-5C4149A55BF7}"
EndProject
Global
	GlobalSection(SolutionConfigurationPlatforms) = preSolution
		Debug|Any CPU = Debug|Any CPU
		Release|Any CPU = Release|Any CPU
	EndGlobalSection
	GlobalSection(ProjectConfigurationPlatforms) = postSolution
		{444F79F9-A98B-47ED-B3EC-5C4149A55BF7}.Debug|Any CPU.ActiveCfg = Debug|Any CPU
		{444F79F9-A98B-47ED-B3EC-5C4149A55BF7}.Debug|Any CPU.Build.0 = Debug|Any CPU
		{444F79F9-A98B-47ED-B3EC-5C4149A55BF7}.Release|Any CPU.ActiveCfg = Release|Any CPU
		{444F79F9-A98B-47ED-B3EC-5C4149A55BF7}.Release|Any CPU.Build.0 = Release|Any CPU
	EndGlobalSection
	GlobalSection(SolutionProperties) = preSolution
		HideSolutionNode = FALSE
	EndGlobalSection
	GlobalSection(ExtensibilityGlobals) = postSolution
		SolutionGuid = {BC971407-EB34-4293-91AF-5D8F5547AA3E}
	EndGlobalSection
EndGlobal
